github.com/bmatcuk/doublestar/v4 v4.0.2 h1:X0krlUVAVmtr2cRoTqR8aDMrDqnB36ht8wpWTiQ3jsA=
github.com/bmatcuk/doublestar/v4 v4.0.2/go.mod h1:xBQ8jztBU6kakFMg+8WGxn0c6z1fTSPVIjEY1Wr7jzc=
github.com/jonas747/template v1.1.2 h1:eCAU81MpcC0gij9NitXt+ECCf436OxklvJA+CHWjqxA=
github.com/jonas747/template v1.1.2/go.mod h1:gAPqCURcbB4rsYIzAsvcZyyflNZHNG6FQcUZBtLUzXg=
